
Microsoft Visual Studio Solution File, Format Version 12.00
# Visual Studio Version 16
VisualStudioVersion = 16.0.33801.447
MinimumVisualStudioVersion = 10.0.40219.1
Project("{FAE04EC0-301F-11D3-BF4B-00C04F79EFBC}") = "CofeeShopWebAPI", "CofeeShopWebAPI.csproj", "{280160F3-2A49-490D-8F0D-489DDC04DEA0}"
EndProject
Global
	GlobalSection(SolutionConfigurationPlatforms) = preSolution
		Debug|Any CPU = Debug|Any CPU
		Release|Any CPU = Release|Any CPU
	EndGlobalSection
	GlobalSection(ProjectConfigurationPlatforms) = postSolution
		{280160F3-2A49-490D-8F0D-489DDC04DEA0}.Debug|Any CPU.ActiveCfg = Debug|Any CPU
		{280160F3-2A49-490D-8F0D-489DDC04DEA0}.Debug|Any CPU.Build.0 = Debug|Any CPU
		{280160F3-2A49-490D-8F0D-489DDC04DEA0}.Release|Any CPU.ActiveCfg = Release|Any CPU
		{280160F3-2A49-490D-8F0D-489DDC04DEA0}.Release|Any CPU.Build.0 = Release|Any CPU
	EndGlobalSection
	GlobalSection(SolutionProperties) = preSolution
		HideSolutionNode = FALSE
	EndGlobalSection
	GlobalSection(ExtensibilityGlobals) = postSolution
		SolutionGuid = {1FBF71DD-7DB8-425B-A063-ED13A9C74B3D}
	EndGlobalSection
EndGlobal
